// !$*UTF8*$!
{
	archiveVersion = 1;
	classes = {
	};
	objectVersion = 48;
	objects = {

/* Begin PBXBuildFile section */
		3111E5CC1FFDBD0C00109445 /* AdvertiseViewController.swift in Sources */ = {isa = PBXBuildFile; fileRef = 3111E5CA1FFDBD0C00109445 /* AdvertiseViewController.swift */; };
		3111E5CD1FFDBD0C00109445 /* AdvertiseViewController.xib in Resources */ = {isa = PBXBuildFile; fileRef = 3111E5CB1FFDBD0C00109445 /* AdvertiseViewController.xib */; };
		3111E5D41FFE23D500109445 /* MyTheme.swift in Sources */ = {isa = PBXBuildFile; fileRef = 3111E5D31FFE23D500109445 /* MyTheme.swift */; };
		311C4C6B1FFCB2B00015D2E3 /* AppDelegate.swift in Sources */ = {isa = PBXBuildFile; fileRef = 311C4C6A1FFCB2B00015D2E3 /* AppDelegate.swift */; };
		311C4C6D1FFCB2B00015D2E3 /* ViewController.swift in Sources */ = {isa = PBXBuildFile; fileRef = 311C4C6C1FFCB2B00015D2E3 /* ViewController.swift */; };
		311C4C701FFCB2B00015D2E3 /* Main.storyboard in Resources */ = {isa = PBXBuildFile; fileRef = 311C4C6E1FFCB2B00015D2E3 /* Main.storyboard */; };
		311C4C721FFCB2B00015D2E3 /* Assets.xcassets in Resources */ = {isa = PBXBuildFile; fileRef = 311C4C711FFCB2B00015D2E3 /* Assets.xcassets */; };
		311C4C861FFCBB950015D2E3 /* MyNavigationController.swift in Sources */ = {isa = PBXBuildFile; fileRef = 311C4C851FFCBB950015D2E3 /* MyNavigationController.swift */; };
		311C4C891FFCCA540015D2E3 /* MyTabBarController.swift in Sources */ = {isa = PBXBuildFile; fileRef = 311C4C881FFCCA540015D2E3 /* MyTabBarController.swift */; };
		311C4C981FFCCE450015D2E3 /* HomeViewController.swift in Sources */ = {isa = PBXBuildFile; fileRef = 311C4C971FFCCE450015D2E3 /* HomeViewController.swift */; };
		311C4C9A1FFCCE640015D2E3 /* VideoViewController.swift in Sources */ = {isa = PBXBuildFile; fileRef = 311C4C991FFCCE640015D2E3 /* VideoViewController.swift */; };
		311C4C9C1FFCCE7F0015D2E3 /* WeiTouTiaoViewController.swift in Sources */ = {isa = PBXBuildFile; fileRef = 311C4C9B1FFCCE7F0015D2E3 /* WeiTouTiaoViewController.swift */; };
		311C4CA11FFCCEBA0015D2E3 /* MineViewController.swift in Sources */ = {isa = PBXBuildFile; fileRef = 311C4CA01FFCCEBA0015D2E3 /* MineViewController.swift */; };
		311C4CA61FFCDB0F0015D2E3 /* default_theme.plist in Resources */ = {isa = PBXBuildFile; fileRef = 311C4CA41FFCDB0E0015D2E3 /* default_theme.plist */; };
		311C4CA71FFCDB0F0015D2E3 /* night_theme.plist in Resources */ = {isa = PBXBuildFile; fileRef = 311C4CA51FFCDB0F0015D2E3 /* night_theme.plist */; };
		311C4CA91FFCDB280015D2E3 /* Const.swift in Sources */ = {isa = PBXBuildFile; fileRef = 311C4CA81FFCDB280015D2E3 /* Const.swift */; };
		31295A142007117F009C813D /* HomePageView.swift in Sources */ = {isa = PBXBuildFile; fileRef = 31295A132007117F009C813D /* HomePageView.swift */; };
		31295A16200712DA009C813D /* HomeTitleView.swift in Sources */ = {isa = PBXBuildFile; fileRef = 31295A15200712DA009C813D /* HomeTitleView.swift */; };
		31295A1820072DDB009C813D /* Launch Screen.storyboard in Resources */ = {isa = PBXBuildFile; fileRef = 31295A1720072DDB009C813D /* Launch Screen.storyboard */; };
		31295A1E20073E83009C813D /* HomeCollectionViewCell.swift in Sources */ = {isa = PBXBuildFile; fileRef = 31295A1D20073E83009C813D /* HomeCollectionViewCell.swift */; };
		31295A20200743E8009C813D /* ManagerTool.swift in Sources */ = {isa = PBXBuildFile; fileRef = 31295A1F200743E8009C813D /* ManagerTool.swift */; };
		31295A22200744F1009C813D /* HomeCollectionViewCell.xib in Resources */ = {isa = PBXBuildFile; fileRef = 31295A21200744F1009C813D /* HomeCollectionViewCell.xib */; };
		313E1DE3200457130047FF17 /* NetworkTool.swift in Sources */ = {isa = PBXBuildFile; fileRef = 313E1DE2200457130047FF17 /* NetworkTool.swift */; };
		313E1DE5200458550047FF17 /* TopicTitle.swift in Sources */ = {isa = PBXBuildFile; fileRef = 313E1DE4200458550047FF17 /* TopicTitle.swift */; };
		313E1DE720045B950047FF17 /* TopicViewController.swift in Sources */ = {isa = PBXBuildFile; fileRef = 313E1DE620045B950047FF17 /* TopicViewController.swift */; };
		313E1DF62004AAD60047FF17 /* WeiTouTiao.swift in Sources */ = {isa = PBXBuildFile; fileRef = 313E1DF52004AAD60047FF17 /* WeiTouTiao.swift */; };
		31456EAA200854C40035C18E /* ToutiaohaoHeaderView.swift in Sources */ = {isa = PBXBuildFile; fileRef = 31456EA9200854C40035C18E /* ToutiaohaoHeaderView.swift */; };
		31456EAD200861040035C18E /* VideoTopicCell.swift in Sources */ = {isa = PBXBuildFile; fileRef = 31456EAB200861040035C18E /* VideoTopicCell.swift */; };
		31456EAE200861040035C18E /* VideoTopicCell.xib in Resources */ = {isa = PBXBuildFile; fileRef = 31456EAC200861040035C18E /* VideoTopicCell.xib */; };
		31456EBE2008B6700035C18E /* ToutiaohaoCell.swift in Sources */ = {isa = PBXBuildFile; fileRef = 31456EBC2008B6700035C18E /* ToutiaohaoCell.swift */; };
		31456EBF2008B6700035C18E /* ToutiaohaoCell.xib in Resources */ = {isa = PBXBuildFile; fileRef = 31456EBD2008B6700035C18E /* ToutiaohaoCell.xib */; };
		31456EC22008B78F0035C18E /* HomeJokeCell.swift in Sources */ = {isa = PBXBuildFile; fileRef = 31456EC02008B78F0035C18E /* HomeJokeCell.swift */; };
		31456EC32008B78F0035C18E /* HomeJokeCell.xib in Resources */ = {isa = PBXBuildFile; fileRef = 31456EC12008B78F0035C18E /* HomeJokeCell.xib */; };
		31456EC62008B9910035C18E /* HomeImageTableCell.swift in Sources */ = {isa = PBXBuildFile; fileRef = 31456EC42008B9910035C18E /* HomeImageTableCell.swift */; };
		31456EC72008B9910035C18E /* HomeImageTableCell.xib in Resources */ = {isa = PBXBuildFile; fileRef = 31456EC52008B9910035C18E /* HomeImageTableCell.xib */; };
		3148967820061084002C2E82 /* NewsDetail.swift in Sources */ = {isa = PBXBuildFile; fileRef = 3148967720061084002C2E82 /* NewsDetail.swift */; };
		3148967A20061103002C2E82 /* Date+Extension.swift in Sources */ = {isa = PBXBuildFile; fileRef = 3148967920061103002C2E82 /* Date+Extension.swift */; };
		3148967C200613D0002C2E82 /* String+Extension.swift in Sources */ = {isa = PBXBuildFile; fileRef = 3148967B200613D0002C2E82 /* String+Extension.swift */; };
		3148967E2006167D002C2E82 /* TheyUse.swift in Sources */ = {isa = PBXBuildFile; fileRef = 3148967D2006167D002C2E82 /* TheyUse.swift */; };
		314896802006172F002C2E82 /* ConcernToutiaohao.swift in Sources */ = {isa = PBXBuildFile; fileRef = 3148967F2006172F002C2E82 /* ConcernToutiaohao.swift */; };
		31489682200617A2002C2E82 /* QuestionAnswer.swift in Sources */ = {isa = PBXBuildFile; fileRef = 31489681200617A2002C2E82 /* QuestionAnswer.swift */; };
		3148968420061818002C2E82 /* VideoTopicController.swift in Sources */ = {isa = PBXBuildFile; fileRef = 3148968320061818002C2E82 /* VideoTopicController.swift */; };
		314896862006185B002C2E82 /* MineCellModel.swift in Sources */ = {isa = PBXBuildFile; fileRef = 314896852006185B002C2E82 /* MineCellModel.swift */; };
		3148968A20061927002C2E82 /* NSData+CRC32.m in Sources */ = {isa = PBXBuildFile; fileRef = 3148968920061927002C2E82 /* NSData+CRC32.m */; };
		688EF8C01FFD00C700BAA047 /* UIColor+Extension.swift in Sources */ = {isa = PBXBuildFile; fileRef = 688EF8BF1FFD00C700BAA047 /* UIColor+Extension.swift */; };
		688EF8C41FFD034B00BAA047 /* HomeNavigationBar.swift in Sources */ = {isa = PBXBuildFile; fileRef = 688EF8C31FFD034B00BAA047 /* HomeNavigationBar.swift */; };
		688EF8C61FFD04CA00BAA047 /* HomeSearchBar.swift in Sources */ = {isa = PBXBuildFile; fileRef = 688EF8C51FFD04CA00BAA047 /* HomeSearchBar.swift */; };
		688EF8C81FFD094300BAA047 /* UIView+Extension.swift in Sources */ = {isa = PBXBuildFile; fileRef = 688EF8C71FFD094300BAA047 /* UIView+Extension.swift */; };
		86CBB056F8D320735D966E9D /* Pods_SwiftNewsDemo.framework in Frameworks */ = {isa = PBXBuildFile; fileRef = 505051F7CF856CA854114CFA /* Pods_SwiftNewsDemo.framework */; };
/* End PBXBuildFile section */

/* Begin PBXFileReference section */
		3111E5CA1FFDBD0C00109445 /* AdvertiseViewController.swift */ = {isa = PBXFileReference; lastKnownFileType = sourcecode.swift; path = AdvertiseViewController.swift; sourceTree = "<group>"; };
		3111E5CB1FFDBD0C00109445 /* AdvertiseViewController.xib */ = {isa = PBXFileReference; lastKnownFileType = file.xib; path = AdvertiseViewController.xib; sourceTree = "<group>"; };
		3111E5D31FFE23D500109445 /* MyTheme.swift */ = {isa = PBXFileReference; lastKnownFileType = sourcecode.swift; path = MyTheme.swift; sourceTree = "<group>"; };
		311C4C671FFCB2B00015D2E3 /* SwiftNewsDemo.app */ = {isa = PBXFileReference; explicitFileType = wrapper.application; includeInIndex = 0; path = SwiftNewsDemo.app; sourceTree = BUILT_PRODUCTS_DIR; };
		311C4C6A1FFCB2B00015D2E3 /* AppDelegate.swift */ = {isa = PBXFileReference; lastKnownFileType = sourcecode.swift; path = AppDelegate.swift; sourceTree = "<group>"; };
		311C4C6C1FFCB2B00015D2E3 /* ViewController.swift */ = {isa = PBXFileReference; lastKnownFileType = sourcecode.swift; path = ViewController.swift; sourceTree = "<group>"; };
		311C4C6F1FFCB2B00015D2E3 /* Base */ = {isa = PBXFileReference; lastKnownFileType = file.storyboard; name = Base; path = Base.lproj/Main.storyboard; sourceTree = "<group>"; };
		311C4C711FFCB2B00015D2E3 /* Assets.xcassets */ = {isa = PBXFileReference; lastKnownFileType = folder.assetcatalog; path = Assets.xcassets; sourceTree = "<group>"; };
		311C4C761FFCB2B00015D2E3 /* Info.plist */ = {isa = PBXFileReference; lastKnownFileType = text.plist.xml; path = Info.plist; sourceTree = "<group>"; };
		311C4C851FFCBB950015D2E3 /* MyNavigationController.swift */ = {isa = PBXFileReference; lastKnownFileType = sourcecode.swift; path = MyNavigationController.swift; sourceTree = "<group>"; };
		311C4C881FFCCA540015D2E3 /* MyTabBarController.swift */ = {isa = PBXFileReference; lastKnownFileType = sourcecode.swift; path = MyTabBarController.swift; sourceTree = "<group>"; };
		311C4C971FFCCE450015D2E3 /* HomeViewController.swift */ = {isa = PBXFileReference; lastKnownFileType = sourcecode.swift; path = HomeViewController.swift; sourceTree = "<group>"; };
		311C4C991FFCCE640015D2E3 /* VideoViewController.swift */ = {isa = PBXFileReference; lastKnownFileType = sourcecode.swift; path = VideoViewController.swift; sourceTree = "<group>"; };
		311C4C9B1FFCCE7F0015D2E3 /* WeiTouTiaoViewController.swift */ = {isa = PBXFileReference; lastKnownFileType = sourcecode.swift; path = WeiTouTiaoViewController.swift; sourceTree = "<group>"; };
		311C4CA01FFCCEBA0015D2E3 /* MineViewController.swift */ = {isa = PBXFileReference; lastKnownFileType = sourcecode.swift; path = MineViewController.swift; sourceTree = "<group>"; };
		311C4CA41FFCDB0E0015D2E3 /* default_theme.plist */ = {isa = PBXFileReference; lastKnownFileType = file.bplist; path = default_theme.plist; sourceTree = "<group>"; };
		311C4CA51FFCDB0F0015D2E3 /* night_theme.plist */ = {isa = PBXFileReference; lastKnownFileType = file.bplist; path = night_theme.plist; sourceTree = "<group>"; };
		311C4CA81FFCDB280015D2E3 /* Const.swift */ = {isa = PBXFileReference; lastKnownFileType = sourcecode.swift; path = Const.swift; sourceTree = "<group>"; };
		31295A132007117F009C813D /* HomePageView.swift */ = {isa = PBXFileReference; lastKnownFileType = sourcecode.swift; path = HomePageView.swift; sourceTree = "<group>"; };
		31295A15200712DA009C813D /* HomeTitleView.swift */ = {isa = PBXFileReference; lastKnownFileType = sourcecode.swift; path = HomeTitleView.swift; sourceTree = "<group>"; };
		31295A1720072DDB009C813D /* Launch Screen.storyboard */ = {isa = PBXFileReference; lastKnownFileType = file.storyboard; path = "Launch Screen.storyboard"; sourceTree = "<group>"; };
		31295A1D20073E83009C813D /* HomeCollectionViewCell.swift */ = {isa = PBXFileReference; lastKnownFileType = sourcecode.swift; path = HomeCollectionViewCell.swift; sourceTree = "<group>"; };
		31295A1F200743E8009C813D /* ManagerTool.swift */ = {isa = PBXFileReference; fileEncoding = 4; lastKnownFileType = sourcecode.swift; path = ManagerTool.swift; sourceTree = "<group>"; };
		31295A21200744F1009C813D /* HomeCollectionViewCell.xib */ = {isa = PBXFileReference; lastKnownFileType = file.xib; path = HomeCollectionViewCell.xib; sourceTree = "<group>"; };
		313E1DE2200457130047FF17 /* NetworkTool.swift */ = {isa = PBXFileReference; lastKnownFileType = sourcecode.swift; path = NetworkTool.swift; sourceTree = "<group>"; };
		313E1DE4200458550047FF17 /* TopicTitle.swift */ = {isa = PBXFileReference; lastKnownFileType = sourcecode.swift; path = TopicTitle.swift; sourceTree = "<group>"; };
		313E1DE620045B950047FF17 /* TopicViewController.swift */ = {isa = PBXFileReference; lastKnownFileType = sourcecode.swift; path = TopicViewController.swift; sourceTree = "<group>"; };
		313E1DF52004AAD60047FF17 /* WeiTouTiao.swift */ = {isa = PBXFileReference; lastKnownFileType = sourcecode.swift; path = WeiTouTiao.swift; sourceTree = "<group>"; };
		31456EA9200854C40035C18E /* ToutiaohaoHeaderView.swift */ = {isa = PBXFileReference; lastKnownFileType = sourcecode.swift; path = ToutiaohaoHeaderView.swift; sourceTree = "<group>"; };
		31456EAB200861040035C18E /* VideoTopicCell.swift */ = {isa = PBXFileReference; lastKnownFileType = sourcecode.swift; path = VideoTopicCell.swift; sourceTree = "<group>"; };
		31456EAC200861040035C18E /* VideoTopicCell.xib */ = {isa = PBXFileReference; lastKnownFileType = file.xib; path = VideoTopicCell.xib; sourceTree = "<group>"; };
		31456EBC2008B6700035C18E /* ToutiaohaoCell.swift */ = {isa = PBXFileReference; lastKnownFileType = sourcecode.swift; path = ToutiaohaoCell.swift; sourceTree = "<group>"; };
		31456EBD2008B6700035C18E /* ToutiaohaoCell.xib */ = {isa = PBXFileReference; lastKnownFileType = file.xib; path = ToutiaohaoCell.xib; sourceTree = "<group>"; };
		31456EC02008B78F0035C18E /* HomeJokeCell.swift */ = {isa = PBXFileReference; lastKnownFileType = sourcecode.swift; path = HomeJokeCell.swift; sourceTree = "<group>"; };
		31456EC12008B78F0035C18E /* HomeJokeCell.xib */ = {isa = PBXFileReference; lastKnownFileType = file.xib; path = HomeJokeCell.xib; sourceTree = "<group>"; };
		31456EC42008B9910035C18E /* HomeImageTableCell.swift */ = {isa = PBXFileReference; lastKnownFileType = sourcecode.swift; path = HomeImageTableCell.swift; sourceTree = "<group>"; };
		31456EC52008B9910035C18E /* HomeImageTableCell.xib */ = {isa = PBXFileReference; lastKnownFileType = file.xib; path = HomeImageTableCell.xib; sourceTree = "<group>"; };
		3148967720061084002C2E82 /* NewsDetail.swift */ = {isa = PBXFileReference; lastKnownFileType = sourcecode.swift; path = NewsDetail.swift; sourceTree = "<group>"; };
		3148967920061103002C2E82 /* Date+Extension.swift */ = {isa = PBXFileReference; lastKnownFileType = sourcecode.swift; path = "Date+Extension.swift"; sourceTree = "<group>"; };
		3148967B200613D0002C2E82 /* String+Extension.swift */ = {isa = PBXFileReference; lastKnownFileType = sourcecode.swift; path = "String+Extension.swift"; sourceTree = "<group>"; };
		3148967D2006167D002C2E82 /* TheyUse.swift */ = {isa = PBXFileReference; lastKnownFileType = sourcecode.swift; path = TheyUse.swift; sourceTree = "<group>"; };
		3148967F2006172F002C2E82 /* ConcernToutiaohao.swift */ = {isa = PBXFileReference; lastKnownFileType = sourcecode.swift; path = ConcernToutiaohao.swift; sourceTree = "<group>"; };
		31489681200617A2002C2E82 /* QuestionAnswer.swift */ = {isa = PBXFileReference; lastKnownFileType = sourcecode.swift; path = QuestionAnswer.swift; sourceTree = "<group>"; };
		3148968320061818002C2E82 /* VideoTopicController.swift */ = {isa = PBXFileReference; lastKnownFileType = sourcecode.swift; path = VideoTopicController.swift; sourceTree = "<group>"; };
		314896852006185B002C2E82 /* MineCellModel.swift */ = {isa = PBXFileReference; lastKnownFileType = sourcecode.swift; path = MineCellModel.swift; sourceTree = "<group>"; };
		3148968720061926002C2E82 /* SwiftNewsDemo-Bridging-Header.h */ = {isa = PBXFileReference; lastKnownFileType = sourcecode.c.h; path = "SwiftNewsDemo-Bridging-Header.h"; sourceTree = "<group>"; };
		3148968820061927002C2E82 /* NSData+CRC32.h */ = {isa = PBXFileReference; fileEncoding = 4; lastKnownFileType = sourcecode.c.h; path = "NSData+CRC32.h"; sourceTree = "<group>"; };
		3148968920061927002C2E82 /* NSData+CRC32.m */ = {isa = PBXFileReference; fileEncoding = 4; lastKnownFileType = sourcecode.c.objc; path = "NSData+CRC32.m"; sourceTree = "<group>"; };
		4DE5CE0B632E43582F95743A /* Pods-SwiftNewsDemo.release.xcconfig */ = {isa = PBXFileReference; includeInIndex = 1; lastKnownFileType = text.xcconfig; name = "Pods-SwiftNewsDemo.release.xcconfig"; path = "Pods/Target Support Files/Pods-SwiftNewsDemo/Pods-SwiftNewsDemo.release.xcconfig"; sourceTree = "<group>"; };
		505051F7CF856CA854114CFA /* Pods_SwiftNewsDemo.framework */ = {isa = PBXFileReference; explicitFileType = wrapper.framework; includeInIndex = 0; path = Pods_SwiftNewsDemo.framework; sourceTree = BUILT_PRODUCTS_DIR; };
		688EF8BF1FFD00C700BAA047 /* UIColor+Extension.swift */ = {isa = PBXFileReference; lastKnownFileType = sourcecode.swift; path = "UIColor+Extension.swift"; sourceTree = "<group>"; };
		688EF8C31FFD034B00BAA047 /* HomeNavigationBar.swift */ = {isa = PBXFileReference; lastKnownFileType = sourcecode.swift; path = HomeNavigationBar.swift; sourceTree = "<group>"; };
		688EF8C51FFD04CA00BAA047 /* HomeSearchBar.swift */ = {isa = PBXFileReference; lastKnownFileType = sourcecode.swift; path = HomeSearchBar.swift; sourceTree = "<group>"; };
		688EF8C71FFD094300BAA047 /* UIView+Extension.swift */ = {isa = PBXFileReference; lastKnownFileType = sourcecode.swift; path = "UIView+Extension.swift"; sourceTree = "<group>"; };
		7000793A0FDE44B52493A166 /* Pods-SwiftNewsDemo.debug.xcconfig */ = {isa = PBXFileReference; includeInIndex = 1; lastKnownFileType = text.xcconfig; name = "Pods-SwiftNewsDemo.debug.xcconfig"; path = "Pods/Target Support Files/Pods-SwiftNewsDemo/Pods-SwiftNewsDemo.debug.xcconfig"; sourceTree = "<group>"; };
/* End PBXFileReference section */

/* Begin PBXFrameworksBuildPhase section */
		311C4C641FFCB2B00015D2E3 /* Frameworks */ = {
			isa = PBXFrameworksBuildPhase;
			buildActionMask = 2147483647;
			files = (
				86CBB056F8D320735D966E9D /* Pods_SwiftNewsDemo.framework in Frameworks */,
			);
			runOnlyForDeploymentPostprocessing = 0;
		};
/* End PBXFrameworksBuildPhase section */

/* Begin PBXGroup section */
		311C4C5E1FFCB2B00015D2E3 = {
			isa = PBXGroup;
			children = (
				311C4C691FFCB2B00015D2E3 /* SwiftNewsDemo */,
				311C4C681FFCB2B00015D2E3 /* Products */,
				58C02EDEF9B6FCF5415ECF5D /* Pods */,
				B41C2E2C8009A500794DB3F4 /* Frameworks */,
			);
			sourceTree = "<group>";
		};
		311C4C681FFCB2B00015D2E3 /* Products */ = {
			isa = PBXGroup;
			children = (
				311C4C671FFCB2B00015D2E3 /* SwiftNewsDemo.app */,
			);
			name = Products;
			sourceTree = "<group>";
		};
		311C4C691FFCB2B00015D2E3 /* SwiftNewsDemo */ = {
			isa = PBXGroup;
			children = (
				311C4C8D1FFCCD240015D2E3 /* Home */,
				311C4C8C1FFCCD1C0015D2E3 /* Video */,
				311C4C8B1FFCCD0D0015D2E3 /* Weitoutiao */,
				311C4C8A1FFCCD020015D2E3 /* Mine */,
				311C4C801FFCBB5B0015D2E3 /* Main */,
				311C4C7F1FFCBB410015D2E3 /* Other */,
				311C4C6C1FFCB2B00015D2E3 /* ViewController.swift */,
			);
			path = SwiftNewsDemo;
			sourceTree = "<group>";
		};
		311C4C7F1FFCBB410015D2E3 /* Other */ = {
			isa = PBXGroup;
			children = (
				311C4CA31FFCDB0E0015D2E3 /* Theme */,
				311C4C6A1FFCB2B00015D2E3 /* AppDelegate.swift */,
				311C4CA81FFCDB280015D2E3 /* Const.swift */,
				311C4C6E1FFCB2B00015D2E3 /* Main.storyboard */,
				31295A1720072DDB009C813D /* Launch Screen.storyboard */,
				311C4C711FFCB2B00015D2E3 /* Assets.xcassets */,
				311C4C761FFCB2B00015D2E3 /* Info.plist */,
			);
			path = Other;
			sourceTree = "<group>";
		};
		311C4C801FFCBB5B0015D2E3 /* Main */ = {
			isa = PBXGroup;
			children = (
				688EF8BE1FFD009400BAA047 /* Tools */,
				688EF8BD1FFD008D00BAA047 /* View */,
				688EF8BC1FFD008700BAA047 /* Category */,
				311C4C821FFCBB6C0015D2E3 /* Controller */,
			);
			path = Main;
			sourceTree = "<group>";
		};
		311C4C821FFCBB6C0015D2E3 /* Controller */ = {
			isa = PBXGroup;
			children = (
				311C4C851FFCBB950015D2E3 /* MyNavigationController.swift */,
				311C4C881FFCCA540015D2E3 /* MyTabBarController.swift */,
				3111E5CA1FFDBD0C00109445 /* AdvertiseViewController.swift */,
				3111E5CB1FFDBD0C00109445 /* AdvertiseViewController.xib */,
			);
			path = Controller;
			sourceTree = "<group>";
		};
		311C4C8A1FFCCD020015D2E3 /* Mine */ = {
			isa = PBXGroup;
			children = (
				311C4C9F1FFCCEAA0015D2E3 /* Controller */,
				311C4C9E1FFCCEA30015D2E3 /* Model */,
				311C4C9D1FFCCE9E0015D2E3 /* View */,
			);
			path = Mine;
			sourceTree = "<group>";
		};
		311C4C8B1FFCCD0D0015D2E3 /* Weitoutiao */ = {
			isa = PBXGroup;
			children = (
				311C4C961FFCCD6A0015D2E3 /* Controller */,
				311C4C951FFCCD600015D2E3 /* Model */,
				311C4C941FFCCD5C0015D2E3 /* View */,
			);
			path = Weitoutiao;
			sourceTree = "<group>";
		};
		311C4C8C1FFCCD1C0015D2E3 /* Video */ = {
			isa = PBXGroup;
			children = (
				311C4C931FFCCD550015D2E3 /* Controller */,
				311C4C921FFCCD4F0015D2E3 /* Model */,
				311C4C911FFCCD4A0015D2E3 /* View */,
			);
			path = Video;
			sourceTree = "<group>";
		};
		311C4C8D1FFCCD240015D2E3 /* Home */ = {
			isa = PBXGroup;
			children = (
				311C4C901FFCCD3A0015D2E3 /* Controller */,
				688EF8C21FFD032B00BAA047 /* Model */,
				688EF8C11FFD031A00BAA047 /* View */,
			);
			path = Home;
			sourceTree = "<group>";
		};
		311C4C901FFCCD3A0015D2E3 /* Controller */ = {
			isa = PBXGroup;
			children = (
				311C4C971FFCCE450015D2E3 /* HomeViewController.swift */,
				313E1DE620045B950047FF17 /* TopicViewController.swift */,
			);
			path = Controller;
			sourceTree = "<group>";
		};
		311C4C911FFCCD4A0015D2E3 /* View */ = {
			isa = PBXGroup;
			children = (
			);
			path = View;
			sourceTree = "<group>";
		};
		311C4C921FFCCD4F0015D2E3 /* Model */ = {
			isa = PBXGroup;
			children = (
			);
			path = Model;
			sourceTree = "<group>";
		};
		311C4C931FFCCD550015D2E3 /* Controller */ = {
			isa = PBXGroup;
			children = (
				311C4C991FFCCE640015D2E3 /* VideoViewController.swift */,
				3148968320061818002C2E82 /* VideoTopicController.swift */,
			);
			path = Controller;
			sourceTree = "<group>";
		};
		311C4C941FFCCD5C0015D2E3 /* View */ = {
			isa = PBXGroup;
			children = (
			);
			path = View;
			sourceTree = "<group>";
		};
		311C4C951FFCCD600015D2E3 /* Model */ = {
			isa = PBXGroup;
			children = (
				313E1DF52004AAD60047FF17 /* WeiTouTiao.swift */,
			);
			path = Model;
			sourceTree = "<group>";
		};
		311C4C961FFCCD6A0015D2E3 /* Controller */ = {
			isa = PBXGroup;
			children = (
				311C4C9B1FFCCE7F0015D2E3 /* WeiTouTiaoViewController.swift */,
			);
			path = Controller;
			sourceTree = "<group>";
		};
		311C4C9D1FFCCE9E0015D2E3 /* View */ = {
			isa = PBXGroup;
			children = (
			);
			path = View;
			sourceTree = "<group>";
		};
		311C4C9E1FFCCEA30015D2E3 /* Model */ = {
			isa = PBXGroup;
			children = (
				314896852006185B002C2E82 /* MineCellModel.swift */,
			);
			path = Model;
			sourceTree = "<group>";
		};
		311C4C9F1FFCCEAA0015D2E3 /* Controller */ = {
			isa = PBXGroup;
			children = (
				311C4CA01FFCCEBA0015D2E3 /* MineViewController.swift */,
			);
			path = Controller;
			sourceTree = "<group>";
		};
		311C4CA31FFCDB0E0015D2E3 /* Theme */ = {
			isa = PBXGroup;
			children = (
				311C4CA41FFCDB0E0015D2E3 /* default_theme.plist */,
				311C4CA51FFCDB0F0015D2E3 /* night_theme.plist */,
			);
			path = Theme;
			sourceTree = "<group>";
		};
		58C02EDEF9B6FCF5415ECF5D /* Pods */ = {
			isa = PBXGroup;
			children = (
				7000793A0FDE44B52493A166 /* Pods-SwiftNewsDemo.debug.xcconfig */,
				4DE5CE0B632E43582F95743A /* Pods-SwiftNewsDemo.release.xcconfig */,
			);
			name = Pods;
			sourceTree = "<group>";
		};
		688EF8BC1FFD008700BAA047 /* Category */ = {
			isa = PBXGroup;
			children = (
				3148968820061927002C2E82 /* NSData+CRC32.h */,
				3148968920061927002C2E82 /* NSData+CRC32.m */,
				688EF8BF1FFD00C700BAA047 /* UIColor+Extension.swift */,
				688EF8C71FFD094300BAA047 /* UIView+Extension.swift */,
				3148967920061103002C2E82 /* Date+Extension.swift */,
				3148967B200613D0002C2E82 /* String+Extension.swift */,
				3148968720061926002C2E82 /* SwiftNewsDemo-Bridging-Header.h */,
			);
			path = Category;
			sourceTree = "<group>";
		};
		688EF8BD1FFD008D00BAA047 /* View */ = {
			isa = PBXGroup;
			children = (
			);
			path = View;
			sourceTree = "<group>";
		};
		688EF8BE1FFD009400BAA047 /* Tools */ = {
			isa = PBXGroup;
			children = (
				313E1DE2200457130047FF17 /* NetworkTool.swift */,
				3111E5D31FFE23D500109445 /* MyTheme.swift */,
				31295A1F200743E8009C813D /* ManagerTool.swift */,
			);
			path = Tools;
			sourceTree = "<group>";
		};
		688EF8C11FFD031A00BAA047 /* View */ = {
			isa = PBXGroup;
			children = (
				688EF8C31FFD034B00BAA047 /* HomeNavigationBar.swift */,
				688EF8C51FFD04CA00BAA047 /* HomeSearchBar.swift */,
				31295A132007117F009C813D /* HomePageView.swift */,
				31295A15200712DA009C813D /* HomeTitleView.swift */,
				31295A1D20073E83009C813D /* HomeCollectionViewCell.swift */,
				31295A21200744F1009C813D /* HomeCollectionViewCell.xib */,
				31456EA9200854C40035C18E /* ToutiaohaoHeaderView.swift */,
				31456EAB200861040035C18E /* VideoTopicCell.swift */,
				31456EAC200861040035C18E /* VideoTopicCell.xib */,
				31456EBC2008B6700035C18E /* ToutiaohaoCell.swift */,
				31456EBD2008B6700035C18E /* ToutiaohaoCell.xib */,
				31456EC02008B78F0035C18E /* HomeJokeCell.swift */,
				31456EC12008B78F0035C18E /* HomeJokeCell.xib */,
				31456EC42008B9910035C18E /* HomeImageTableCell.swift */,
				31456EC52008B9910035C18E /* HomeImageTableCell.xib */,
			);
			path = View;
			sourceTree = "<group>";
		};
		688EF8C21FFD032B00BAA047 /* Model */ = {
			isa = PBXGroup;
			children = (
				313E1DE4200458550047FF17 /* TopicTitle.swift */,
				3148967720061084002C2E82 /* NewsDetail.swift */,
				3148967D2006167D002C2E82 /* TheyUse.swift */,
				3148967F2006172F002C2E82 /* ConcernToutiaohao.swift */,
				31489681200617A2002C2E82 /* QuestionAnswer.swift */,
			);
			path = Model;
			sourceTree = "<group>";
		};
		B41C2E2C8009A500794DB3F4 /* Frameworks */ = {
			isa = PBXGroup;
			children = (
				505051F7CF856CA854114CFA /* Pods_SwiftNewsDemo.framework */,
			);
			name = Frameworks;
			sourceTree = "<group>";
		};
/* End PBXGroup section */

/* Begin PBXNativeTarget section */
		311C4C661FFCB2B00015D2E3 /* SwiftNewsDemo */ = {
			isa = PBXNativeTarget;
			buildConfigurationList = 311C4C791FFCB2B00015D2E3 /* Build configuration list for PBXNativeTarget "SwiftNewsDemo" */;
			buildPhases = (
				67584F776591C6DF775EACA8 /* [CP] Check Pods Manifest.lock */,
				311C4C631FFCB2B00015D2E3 /* Sources */,
				311C4C641FFCB2B00015D2E3 /* Frameworks */,
				311C4C651FFCB2B00015D2E3 /* Resources */,
				C62EA5565EDBBE883ACD6B13 /* [CP] Embed Pods Frameworks */,
				55A8B418DD0C058784086F04 /* [CP] Copy Pods Resources */,
			);
			buildRules = (
			);
			dependencies = (
			);
			name = SwiftNewsDemo;
			productName = SwiftNewsDemo;
			productReference = 311C4C671FFCB2B00015D2E3 /* SwiftNewsDemo.app */;
			productType = "com.apple.product-type.application";
		};
/* End PBXNativeTarget section */

/* Begin PBXProject section */
		311C4C5F1FFCB2B00015D2E3 /* Project object */ = {
			isa = PBXProject;
			attributes = {
				LastSwiftUpdateCheck = 0910;
				LastUpgradeCheck = 0910;
				ORGANIZATIONNAME = mingxin.ji;
				TargetAttributes = {
					311C4C661FFCB2B00015D2E3 = {
						CreatedOnToolsVersion = 9.1;
						LastSwiftMigration = 0910;
						ProvisioningStyle = Automatic;
					};
				};
			};
			buildConfigurationList = 311C4C621FFCB2B00015D2E3 /* Build configuration list for PBXProject "SwiftNewsDemo" */;
			compatibilityVersion = "Xcode 8.0";
			developmentRegion = en;
			hasScannedForEncodings = 0;
			knownRegions = (
				en,
				Base,
			);
			mainGroup = 311C4C5E1FFCB2B00015D2E3;
			productRefGroup = 311C4C681FFCB2B00015D2E3 /* Products */;
			projectDirPath = "";
			projectRoot = "";
			targets = (
				311C4C661FFCB2B00015D2E3 /* SwiftNewsDemo */,
			);
		};
/* End PBXProject section */

/* Begin PBXResourcesBuildPhase section */
		311C4C651FFCB2B00015D2E3 /* Resources */ = {
			isa = PBXResourcesBuildPhase;
			buildActionMask = 2147483647;
			files = (
				31295A1820072DDB009C813D /* Launch Screen.storyboard in Resources */,
				31456EAE200861040035C18E /* VideoTopicCell.xib in Resources */,
				3111E5CD1FFDBD0C00109445 /* AdvertiseViewController.xib in Resources */,
				31456EC72008B9910035C18E /* HomeImageTableCell.xib in Resources */,
				31456EC32008B78F0035C18E /* HomeJokeCell.xib in Resources */,
				311C4CA61FFCDB0F0015D2E3 /* default_theme.plist in Resources */,
				31456EBF2008B6700035C18E /* ToutiaohaoCell.xib in Resources */,
				311C4CA71FFCDB0F0015D2E3 /* night_theme.plist in Resources */,
				31295A22200744F1009C813D /* HomeCollectionViewCell.xib in Resources */,
				311C4C721FFCB2B00015D2E3 /* Assets.xcassets in Resources */,
				311C4C701FFCB2B00015D2E3 /* Main.storyboard in Resources */,
			);
			runOnlyForDeploymentPostprocessing = 0;
		};
/* End PBXResourcesBuildPhase section */

/* Begin PBXShellScriptBuildPhase section */
		55A8B418DD0C058784086F04 /* [CP] Copy Pods Resources */ = {
			isa = PBXShellScriptBuildPhase;
			buildActionMask = 2147483647;
			files = (
			);
			inputPaths = (
			);
			name = "[CP] Copy Pods Resources";
			outputPaths = (
			);
			runOnlyForDeploymentPostprocessing = 0;
			shellPath = /bin/sh;
			shellScript = "\"${SRCROOT}/Pods/Target Support Files/Pods-SwiftNewsDemo/Pods-SwiftNewsDemo-resources.sh\"\n";
			showEnvVarsInLog = 0;
		};
		67584F776591C6DF775EACA8 /* [CP] Check Pods Manifest.lock */ = {
			isa = PBXShellScriptBuildPhase;
			buildActionMask = 2147483647;
			files = (
			);
			inputPaths = (
				"${PODS_PODFILE_DIR_PATH}/Podfile.lock",
				"${PODS_ROOT}/Manifest.lock",
			);
			name = "[CP] Check Pods Manifest.lock";
			outputPaths = (
				"$(DERIVED_FILE_DIR)/Pods-SwiftNewsDemo-checkManifestLockResult.txt",
			);
			runOnlyForDeploymentPostprocessing = 0;
			shellPath = /bin/sh;
			shellScript = "diff \"${PODS_PODFILE_DIR_PATH}/Podfile.lock\" \"${PODS_ROOT}/Manifest.lock\" > /dev/null\nif [ $? != 0 ] ; then\n    # print error to STDERR\n    echo \"error: The sandbox is not in sync with the Podfile.lock. Run 'pod install' or update your CocoaPods installation.\" >&2\n    exit 1\nfi\n# This output is used by Xcode 'outputs' to avoid re-running this script phase.\necho \"SUCCESS\" > \"${SCRIPT_OUTPUT_FILE_0}\"\n";
			showEnvVarsInLog = 0;
		};
		C62EA5565EDBBE883ACD6B13 /* [CP] Embed Pods Frameworks */ = {
			isa = PBXShellScriptBuildPhase;
			buildActionMask = 2147483647;
			files = (
			);
			inputPaths = (
				"${SRCROOT}/Pods/Target Support Files/Pods-SwiftNewsDemo/Pods-SwiftNewsDemo-frameworks.sh",
				"${BUILT_PRODUCTS_DIR}/Alamofire/Alamofire.framework",
				"${BUILT_PRODUCTS_DIR}/BMPlayer/BMPlayer.framework",
				"${BUILT_PRODUCTS_DIR}/HandyJSON/HandyJSON.framework",
				"${BUILT_PRODUCTS_DIR}/IBAnimatable/IBAnimatable.framework",
				"${BUILT_PRODUCTS_DIR}/Kingfisher/Kingfisher.framework",
				"${BUILT_PRODUCTS_DIR}/MJRefresh/MJRefresh.framework",
				"${BUILT_PRODUCTS_DIR}/NVActivityIndicatorView/NVActivityIndicatorView.framework",
				"${BUILT_PRODUCTS_DIR}/RxCocoa/RxCocoa.framework",
				"${BUILT_PRODUCTS_DIR}/RxSwift/RxSwift.framework",
				"${BUILT_PRODUCTS_DIR}/SVProgressHUD/SVProgressHUD.framework",
				"${BUILT_PRODUCTS_DIR}/SnapKit/SnapKit.framework",
				"${BUILT_PRODUCTS_DIR}/SwiftTheme/SwiftTheme.framework",
				"${BUILT_PRODUCTS_DIR}/SwiftyJSON/SwiftyJSON.framework",
			);
			name = "[CP] Embed Pods Frameworks";
			outputPaths = (
				"${TARGET_BUILD_DIR}/${FRAMEWORKS_FOLDER_PATH}/Alamofire.framework",
				"${TARGET_BUILD_DIR}/${FRAMEWORKS_FOLDER_PATH}/BMPlayer.framework",
				"${TARGET_BUILD_DIR}/${FRAMEWORKS_FOLDER_PATH}/HandyJSON.framework",
				"${TARGET_BUILD_DIR}/${FRAMEWORKS_FOLDER_PATH}/IBAnimatable.framework",
				"${TARGET_BUILD_DIR}/${FRAMEWORKS_FOLDER_PATH}/Kingfisher.framework",
				"${TARGET_BUILD_DIR}/${FRAMEWORKS_FOLDER_PATH}/MJRefresh.framework",
				"${TARGET_BUILD_DIR}/${FRAMEWORKS_FOLDER_PATH}/NVActivityIndicatorView.framework",
				"${TARGET_BUILD_DIR}/${FRAMEWORKS_FOLDER_PATH}/RxCocoa.framework",
				"${TARGET_BUILD_DIR}/${FRAMEWORKS_FOLDER_PATH}/RxSwift.framework",
				"${TARGET_BUILD_DIR}/${FRAMEWORKS_FOLDER_PATH}/SVProgressHUD.framework",
				"${TARGET_BUILD_DIR}/${FRAMEWORKS_FOLDER_PATH}/SnapKit.framework",
				"${TARGET_BUILD_DIR}/${FRAMEWORKS_FOLDER_PATH}/SwiftTheme.framework",
				"${TARGET_BUILD_DIR}/${FRAMEWORKS_FOLDER_PATH}/SwiftyJSON.framework",
			);
			runOnlyForDeploymentPostprocessing = 0;
			shellPath = /bin/sh;
			shellScript = "\"${SRCROOT}/Pods/Target Support Files/Pods-SwiftNewsDemo/Pods-SwiftNewsDemo-frameworks.sh\"\n";
			showEnvVarsInLog = 0;
		};
/* End PBXShellScriptBuildPhase section */

/* Begin PBXSourcesBuildPhase section */
		311C4C631FFCB2B00015D2E3 /* Sources */ = {
			isa = PBXSourcesBuildPhase;
			buildActionMask = 2147483647;
			files = (
				311C4C981FFCCE450015D2E3 /* HomeViewController.swift in Sources */,
				688EF8C81FFD094300BAA047 /* UIView+Extension.swift in Sources */,
				311C4C9C1FFCCE7F0015D2E3 /* WeiTouTiaoViewController.swift in Sources */,
				3148967820061084002C2E82 /* NewsDetail.swift in Sources */,
				313E1DF62004AAD60047FF17 /* WeiTouTiao.swift in Sources */,
				31295A20200743E8009C813D /* ManagerTool.swift in Sources */,
				311C4C861FFCBB950015D2E3 /* MyNavigationController.swift in Sources */,
				313E1DE3200457130047FF17 /* NetworkTool.swift in Sources */,
				3111E5CC1FFDBD0C00109445 /* AdvertiseViewController.swift in Sources */,
				31295A1E20073E83009C813D /* HomeCollectionViewCell.swift in Sources */,
				3148968A20061927002C2E82 /* NSData+CRC32.m in Sources */,
				311C4CA11FFCCEBA0015D2E3 /* MineViewController.swift in Sources */,
				3111E5D41FFE23D500109445 /* MyTheme.swift in Sources */,
				313E1DE720045B950047FF17 /* TopicViewController.swift in Sources */,
				3148967A20061103002C2E82 /* Date+Extension.swift in Sources */,
				3148967C200613D0002C2E82 /* String+Extension.swift in Sources */,
				31295A16200712DA009C813D /* HomeTitleView.swift in Sources */,
				3148968420061818002C2E82 /* VideoTopicController.swift in Sources */,
				3148967E2006167D002C2E82 /* TheyUse.swift in Sources */,
				311C4C9A1FFCCE640015D2E3 /* VideoViewController.swift in Sources */,
				31489682200617A2002C2E82 /* QuestionAnswer.swift in Sources */,
				311C4C891FFCCA540015D2E3 /* MyTabBarController.swift in Sources */,
				31295A142007117F009C813D /* HomePageView.swift in Sources */,
				311C4C6D1FFCB2B00015D2E3 /* ViewController.swift in Sources */,
				31456EC62008B9910035C18E /* HomeImageTableCell.swift in Sources */,
				314896862006185B002C2E82 /* MineCellModel.swift in Sources */,
				688EF8C41FFD034B00BAA047 /* HomeNavigationBar.swift in Sources */,
				311C4C6B1FFCB2B00015D2E3 /* AppDelegate.swift in Sources */,
				313E1DE5200458550047FF17 /* TopicTitle.swift in Sources */,
				311C4CA91FFCDB280015D2E3 /* Const.swift in Sources */,
				31456EBE2008B6700035C18E /* ToutiaohaoCell.swift in Sources */,
				31456EAA200854C40035C18E /* ToutiaohaoHeaderView.swift in Sources */,
				31456EC22008B78F0035C18E /* HomeJokeCell.swift in Sources */,
				688EF8C61FFD04CA00BAA047 /* HomeSearchBar.swift in Sources */,
				31456EAD200861040035C18E /* VideoTopicCell.swift in Sources */,
				688EF8C01FFD00C700BAA047 /* UIColor+Extension.swift in Sources */,
				314896802006172F002C2E82 /* ConcernToutiaohao.swift in Sources */,
			);
			runOnlyForDeploymentPostprocessing = 0;
		};
/* End PBXSourcesBuildPhase section */

/* Begin PBXVariantGroup section */
		311C4C6E1FFCB2B00015D2E3 /* Main.storyboard */ = {
			isa = PBXVariantGroup;
			children = (
				311C4C6F1FFCB2B00015D2E3 /* Base */,
			);
			name = Main.storyboard;
			sourceTree = "<group>";
		};
/* End PBXVariantGroup section */

/* Begin XCBuildConfiguration section */
		311C4C771FFCB2B00015D2E3 /* Debug */ = {
			isa = XCBuildConfiguration;
			buildSettings = {
				ALWAYS_SEARCH_USER_PATHS = NO;
				CLANG_ANALYZER_NONNULL = YES;
				CLANG_ANALYZER_NUMBER_OBJECT_CONVERSION = YES_AGGRESSIVE;
				CLANG_CXX_LANGUAGE_STANDARD = "gnu++14";
				CLANG_CXX_LIBRARY = "libc++";
				CLANG_ENABLE_MODULES = YES;
				CLANG_ENABLE_OBJC_ARC = YES;
				CLANG_WARN_BLOCK_CAPTURE_AUTORELEASING = YES;
				CLANG_WARN_BOOL_CONVERSION = YES;
				CLANG_WARN_COMMA = YES;
				CLANG_WARN_CONSTANT_CONVERSION = YES;
				CLANG_WARN_DIRECT_OBJC_ISA_USAGE = YES_ERROR;
				CLANG_WARN_DOCUMENTATION_COMMENTS = YES;
				CLANG_WARN_EMPTY_BODY = YES;
				CLANG_WARN_ENUM_CONVERSION = YES;
				CLANG_WARN_INFINITE_RECURSION = YES;
				CLANG_WARN_INT_CONVERSION = YES;
				CLANG_WARN_NON_LITERAL_NULL_CONVERSION = YES;
				CLANG_WARN_OBJC_LITERAL_CONVERSION = YES;
				CLANG_WARN_OBJC_ROOT_CLASS = YES_ERROR;
				CLANG_WARN_RANGE_LOOP_ANALYSIS = YES;
				CLANG_WARN_STRICT_PROTOTYPES = YES;
				CLANG_WARN_SUSPICIOUS_MOVE = YES;
				CLANG_WARN_UNGUARDED_AVAILABILITY = YES_AGGRESSIVE;
				CLANG_WARN_UNREACHABLE_CODE = YES;
				CLANG_WARN__DUPLICATE_METHOD_MATCH = YES;
				CODE_SIGN_IDENTITY = "iPhone Developer";
				COPY_PHASE_STRIP = NO;
				DEBUG_INFORMATION_FORMAT = dwarf;
				ENABLE_STRICT_OBJC_MSGSEND = YES;
				ENABLE_TESTABILITY = YES;
				GCC_C_LANGUAGE_STANDARD = gnu11;
				GCC_DYNAMIC_NO_PIC = NO;
				GCC_NO_COMMON_BLOCKS = YES;
				GCC_OPTIMIZATION_LEVEL = 0;
				GCC_PREPROCESSOR_DEFINITIONS = (
					"DEBUG=1",
					"$(inherited)",
				);
				GCC_WARN_64_TO_32_BIT_CONVERSION = YES;
				GCC_WARN_ABOUT_RETURN_TYPE = YES_ERROR;
				GCC_WARN_UNDECLARED_SELECTOR = YES;
				GCC_WARN_UNINITIALIZED_AUTOS = YES_AGGRESSIVE;
				GCC_WARN_UNUSED_FUNCTION = YES;
				GCC_WARN_UNUSED_VARIABLE = YES;
				IPHONEOS_DEPLOYMENT_TARGET = 11.1;
				MTL_ENABLE_DEBUG_INFO = YES;
				ONLY_ACTIVE_ARCH = YES;
				SDKROOT = iphoneos;
				SWIFT_ACTIVE_COMPILATION_CONDITIONS = DEBUG;
				SWIFT_OPTIMIZATION_LEVEL = "-Onone";
			};
			name = Debug;
		};
		311C4C781FFCB2B00015D2E3 /* Release */ = {
			isa = XCBuildConfiguration;
			buildSettings = {
				ALWAYS_SEARCH_USER_PATHS = NO;
				CLANG_ANALYZER_NONNULL = YES;
				CLANG_ANALYZER_NUMBER_OBJECT_CONVERSION = YES_AGGRESSIVE;
				CLANG_CXX_LANGUAGE_STANDARD = "gnu++14";
				CLANG_CXX_LIBRARY = "libc++";
				CLANG_ENABLE_MODULES = YES;
				CLANG_ENABLE_OBJC_ARC = YES;
				CLANG_WARN_BLOCK_CAPTURE_AUTORELEASING = YES;
				CLANG_WARN_BOOL_CONVERSION = YES;
				CLANG_WARN_COMMA = YES;
				CLANG_WARN_CONSTANT_CONVERSION = YES;
				CLANG_WARN_DIRECT_OBJC_ISA_USAGE = YES_ERROR;
				CLANG_WARN_DOCUMENTATION_COMMENTS = YES;
				CLANG_WARN_EMPTY_BODY = YES;
				CLANG_WARN_ENUM_CONVERSION = YES;
				CLANG_WARN_INFINITE_RECURSION = YES;
				CLANG_WARN_INT_CONVERSION = YES;
				CLANG_WARN_NON_LITERAL_NULL_CONVERSION = YES;
				CLANG_WARN_OBJC_LITERAL_CONVERSION = YES;
				CLANG_WARN_OBJC_ROOT_CLASS = YES_ERROR;
				CLANG_WARN_RANGE_LOOP_ANALYSIS = YES;
				CLANG_WARN_STRICT_PROTOTYPES = YES;
				CLANG_WARN_SUSPICIOUS_MOVE = YES;
				CLANG_WARN_UNGUARDED_AVAILABILITY = YES_AGGRESSIVE;
				CLANG_WARN_UNREACHABLE_CODE = YES;
				CLANG_WARN__DUPLICATE_METHOD_MATCH = YES;
				CODE_SIGN_IDENTITY = "iPhone Developer";
				COPY_PHASE_STRIP = NO;
				DEBUG_INFORMATION_FORMAT = "dwarf-with-dsym";
				ENABLE_NS_ASSERTIONS = NO;
				ENABLE_STRICT_OBJC_MSGSEND = YES;
				GCC_C_LANGUAGE_STANDARD = gnu11;
				GCC_NO_COMMON_BLOCKS = YES;
				GCC_WARN_64_TO_32_BIT_CONVERSION = YES;
				GCC_WARN_ABOUT_RETURN_TYPE = YES_ERROR;
				GCC_WARN_UNDECLARED_SELECTOR = YES;
				GCC_WARN_UNINITIALIZED_AUTOS = YES_AGGRESSIVE;
				GCC_WARN_UNUSED_FUNCTION = YES;
				GCC_WARN_UNUSED_VARIABLE = YES;
				IPHONEOS_DEPLOYMENT_TARGET = 11.1;
				MTL_ENABLE_DEBUG_INFO = NO;
				SDKROOT = iphoneos;
				SWIFT_OPTIMIZATION_LEVEL = "-Owholemodule";
				VALIDATE_PRODUCT = YES;
			};
			name = Release;
		};
		311C4C7A1FFCB2B00015D2E3 /* Debug */ = {
			isa = XCBuildConfiguration;
			baseConfigurationReference = 7000793A0FDE44B52493A166 /* Pods-SwiftNewsDemo.debug.xcconfig */;
			buildSettings = {
				ASSETCATALOG_COMPILER_APPICON_NAME = AppIcon;
				CLANG_ENABLE_MODULES = YES;
				CODE_SIGN_STYLE = Automatic;
				DEVELOPMENT_TEAM = L6ECB5JRB2;
				INFOPLIST_FILE = "$(SRCROOT)/SwiftNewsDemo/Other/Info.plist";
				IPHONEOS_DEPLOYMENT_TARGET = 9.2;
				LD_RUNPATH_SEARCH_PATHS = "$(inherited) @executable_path/Frameworks";
				PRODUCT_BUNDLE_IDENTIFIER = com.payegis.smsdemo.SwiftNewsDemo;
				PRODUCT_NAME = "$(TARGET_NAME)";
				SWIFT_OBJC_BRIDGING_HEADER = "SwiftNewsDemo/Main/Category/SwiftNewsDemo-Bridging-Header.h";
				SWIFT_OPTIMIZATION_LEVEL = "-Onone";
				SWIFT_VERSION = 4.0;
				TARGETED_DEVICE_FAMILY = "1,2";
			};
			name = Debug;
		};
		311C4C7B1FFCB2B00015D2E3 /* Release */ = {
			isa = XCBuildConfiguration;
			baseConfigurationReference = 4DE5CE0B632E43582F95743A /* Pods-SwiftNewsDemo.release.xcconfig */;
			buildSettings = {
				ASSETCATALOG_COMPILER_APPICON_NAME = AppIcon;
				CLANG_ENABLE_MODULES = YES;
				CODE_SIGN_STYLE = Automatic;
				DEVELOPMENT_TEAM = L6ECB5JRB2;
				INFOPLIST_FILE = "$(SRCROOT)/SwiftNewsDemo/Other/Info.plist";
				IPHONEOS_DEPLOYMENT_TARGET = 9.2;
				LD_RUNPATH_SEARCH_PATHS = "$(inherited) @executable_path/Frameworks";
				PRODUCT_BUNDLE_IDENTIFIER = com.payegis.smsdemo.SwiftNewsDemo;
				PRODUCT_NAME = "$(TARGET_NAME)";
				SWIFT_OBJC_BRIDGING_HEADER = "SwiftNewsDemo/Main/Category/SwiftNewsDemo-Bridging-Header.h";
				SWIFT_VERSION = 4.0;
				TARGETED_DEVICE_FAMILY = "1,2";
			};
			name = Release;
		};
/* End XCBuildConfiguration section */

/* Begin XCConfigurationList section */
		311C4C621FFCB2B00015D2E3 /* Build configuration list for PBXProject "SwiftNewsDemo" */ = {
			isa = XCConfigurationList;
			buildConfigurations = (
				311C4C771FFCB2B00015D2E3 /* Debug */,
				311C4C781FFCB2B00015D2E3 /* Release */,
			);
			defaultConfigurationIsVisible = 0;
			defaultConfigurationName = Release;
		};
		311C4C791FFCB2B00015D2E3 /* Build configuration list for PBXNativeTarget "SwiftNewsDemo" */ = {
			isa = XCConfigurationList;
			buildConfigurations = (
				311C4C7A1FFCB2B00015D2E3 /* Debug */,
				311C4C7B1FFCB2B00015D2E3 /* Release */,
			);
			defaultConfigurationIsVisible = 0;
			defaultConfigurationName = Release;
		};
/* End XCConfigurationList section */
	};
	rootObject = 311C4C5F1FFCB2B00015D2E3 /* Project object */;
}
